// !$*UTF8*$!
{
	archiveVersion = 1;
	classes = {
	};
	objectVersion = 46;
	objects = {

/* Begin PBXBuildFile section */
		A42A4D7E1F0CD4B900EA0C58 /* main.m in Sources */ = {isa = PBXBuildFile; fileRef = A42A4D7D1F0CD4B900EA0C58 /* main.m */; };
		A42A4D811F0CD4B900EA0C58 /* AppDelegate.m in Sources */ = {isa = PBXBuildFile; fileRef = A42A4D801F0CD4B900EA0C58 /* AppDelegate.m */; };
		A42A4D841F0CD4B900EA0C58 /* ViewController.m in Sources */ = {isa = PBXBuildFile; fileRef = A42A4D831F0CD4B900EA0C58 /* ViewController.m */; };
		A42A4D871F0CD4B900EA0C58 /* Main.storyboard in Resources */ = {isa = PBXBuildFile; fileRef = A42A4D851F0CD4B900EA0C58 /* Main.storyboard */; };
		A42A4D891F0CD4B900EA0C58 /* Assets.xcassets in Resources */ = {isa = PBXBuildFile; fileRef = A42A4D881F0CD4B900EA0C58 /* Assets.xcassets */; };
		A42A4D8C1F0CD4B900EA0C58 /* LaunchScreen.storyboard in Resources */ = {isa = PBXBuildFile; fileRef = A42A4D8A1F0CD4B900EA0C58 /* LaunchScreen.storyboard */; };
		A42A4D971F0CD4BA00EA0C58 /* SKLoginDemoTests.m in Sources */ = {isa = PBXBuildFile; fileRef = A42A4D961F0CD4BA00EA0C58 /* SKLoginDemoTests.m */; };
		A42A4DA21F0CD4BA00EA0C58 /* SKLoginDemoUITests.m in Sources */ = {isa = PBXBuildFile; fileRef = A42A4DA11F0CD4BA00EA0C58 /* SKLoginDemoUITests.m */; };
		A42A4DB21F0CD4D900EA0C58 /* UIScrollView+response.m in Sources */ = {isa = PBXBuildFile; fileRef = A42A4DB11F0CD4D900EA0C58 /* UIScrollView+response.m */; };
		A42A4DD01F0CD50500EA0C58 /* MASCompositeConstraint.m in Sources */ = {isa = PBXBuildFile; fileRef = A42A4DB51F0CD50400EA0C58 /* MASCompositeConstraint.m */; };
		A42A4DD11F0CD50500EA0C58 /* MASConstraint.m in Sources */ = {isa = PBXBuildFile; fileRef = A42A4DB81F0CD50400EA0C58 /* MASConstraint.m */; };
		A42A4DD21F0CD50500EA0C58 /* MASConstraintMaker.m in Sources */ = {isa = PBXBuildFile; fileRef = A42A4DBA1F0CD50400EA0C58 /* MASConstraintMaker.m */; };
		A42A4DD31F0CD50500EA0C58 /* MASLayoutConstraint.m in Sources */ = {isa = PBXBuildFile; fileRef = A42A4DBC1F0CD50400EA0C58 /* MASLayoutConstraint.m */; };
		A42A4DD41F0CD50500EA0C58 /* MASViewAttribute.m in Sources */ = {isa = PBXBuildFile; fileRef = A42A4DC01F0CD50400EA0C58 /* MASViewAttribute.m */; };
		A42A4DD51F0CD50500EA0C58 /* MASViewConstraint.m in Sources */ = {isa = PBXBuildFile; fileRef = A42A4DC21F0CD50400EA0C58 /* MASViewConstraint.m */; };
		A42A4DD61F0CD50500EA0C58 /* NSArray+MASAdditions.m in Sources */ = {isa = PBXBuildFile; fileRef = A42A4DC41F0CD50400EA0C58 /* NSArray+MASAdditions.m */; };
		A42A4DD71F0CD50500EA0C58 /* NSLayoutConstraint+MASDebugAdditions.m in Sources */ = {isa = PBXBuildFile; fileRef = A42A4DC71F0CD50400EA0C58 /* NSLayoutConstraint+MASDebugAdditions.m */; };
		A42A4DD81F0CD50500EA0C58 /* View+MASAdditions.m in Sources */ = {isa = PBXBuildFile; fileRef = A42A4DC91F0CD50400EA0C58 /* View+MASAdditions.m */; };
		A42A4DD91F0CD50500EA0C58 /* ViewController+MASAdditions.m in Sources */ = {isa = PBXBuildFile; fileRef = A42A4DCC1F0CD50400EA0C58 /* ViewController+MASAdditions.m */; };
		A42A4DDB1F0CD50500EA0C58 /* register_guide_video.mp4 in Resources */ = {isa = PBXBuildFile; fileRef = A42A4DCF1F0CD50500EA0C58 /* register_guide_video.mp4 */; };
/* End PBXBuildFile section */

/* Begin PBXContainerItemProxy section */
		A42A4D931F0CD4BA00EA0C58 /* PBXContainerItemProxy */ = {
			isa = PBXContainerItemProxy;
			containerPortal = A42A4D711F0CD4B900EA0C58 /* Project object */;
			proxyType = 1;
			remoteGlobalIDString = A42A4D781F0CD4B900EA0C58;
			remoteInfo = SKLoginDemo;
		};
		A42A4D9E1F0CD4BA00EA0C58 /* PBXContainerItemProxy */ = {
			isa = PBXContainerItemProxy;
			containerPortal = A42A4D711F0CD4B900EA0C58 /* Project object */;
			proxyType = 1;
			remoteGlobalIDString = A42A4D781F0CD4B900EA0C58;
			remoteInfo = SKLoginDemo;
		};
/* End PBXContainerItemProxy section */

/* Begin PBXFileReference section */
		A42A4D791F0CD4B900EA0C58 /* SKLoginDemo.app */ = {isa = PBXFileReference; explicitFileType = wrapper.application; includeInIndex = 0; path = SKLoginDemo.app; sourceTree = BUILT_PRODUCTS_DIR; };
		A42A4D7D1F0CD4B900EA0C58 /* main.m */ = {isa = PBXFileReference; lastKnownFileType = sourcecode.c.objc; path = main.m; sourceTree = "<group>"; };
		A42A4D7F1F0CD4B900EA0C58 /* AppDelegate.h */ = {isa = PBXFileReference; lastKnownFileType = sourcecode.c.h; path = AppDelegate.h; sourceTree = "<group>"; };
		A42A4D801F0CD4B900EA0C58 /* AppDelegate.m */ = {isa = PBXFileReference; lastKnownFileType = sourcecode.c.objc; path = AppDelegate.m; sourceTree = "<group>"; };
		A42A4D821F0CD4B900EA0C58 /* ViewController.h */ = {isa = PBXFileReference; lastKnownFileType = sourcecode.c.h; path = ViewController.h; sourceTree = "<group>"; };
		A42A4D831F0CD4B900EA0C58 /* ViewController.m */ = {isa = PBXFileReference; lastKnownFileType = sourcecode.c.objc; path = ViewController.m; sourceTree = "<group>"; };
		A42A4D861F0CD4B900EA0C58 /* Base */ = {isa = PBXFileReference; lastKnownFileType = file.storyboard; name = Base; path = Base.lproj/Main.storyboard; sourceTree = "<group>"; };
		A42A4D881F0CD4B900EA0C58 /* Assets.xcassets */ = {isa = PBXFileReference; lastKnownFileType = folder.assetcatalog; path = Assets.xcassets; sourceTree = "<group>"; };
		A42A4D8B1F0CD4B900EA0C58 /* Base */ = {isa = PBXFileReference; lastKnownFileType = file.storyboard; name = Base; path = Base.lproj/LaunchScreen.storyboard; sourceTree = "<group>"; };
		A42A4D8D1F0CD4B900EA0C58 /* Info.plist */ = {isa = PBXFileReference; lastKnownFileType = text.plist.xml; path = Info.plist; sourceTree = "<group>"; };
		A42A4D921F0CD4BA00EA0C58 /* SKLoginDemoTests.xctest */ = {isa = PBXFileReference; explicitFileType = wrapper.cfbundle; includeInIndex = 0; path = SKLoginDemoTests.xctest; sourceTree = BUILT_PRODUCTS_DIR; };
		A42A4D961F0CD4BA00EA0C58 /* SKLoginDemoTests.m */ = {isa = PBXFileReference; lastKnownFileType = sourcecode.c.objc; path = SKLoginDemoTests.m; sourceTree = "<group>"; };
		A42A4D981F0CD4BA00EA0C58 /* Info.plist */ = {isa = PBXFileReference; lastKnownFileType = text.plist.xml; path = Info.plist; sourceTree = "<group>"; };
		A42A4D9D1F0CD4BA00EA0C58 /* SKLoginDemoUITests.xctest */ = {isa = PBXFileReference; explicitFileType = wrapper.cfbundle; includeInIndex = 0; path = SKLoginDemoUITests.xctest; sourceTree = BUILT_PRODUCTS_DIR; };
		A42A4DA11F0CD4BA00EA0C58 /* SKLoginDemoUITests.m */ = {isa = PBXFileReference; lastKnownFileType = sourcecode.c.objc; path = SKLoginDemoUITests.m; sourceTree = "<group>"; };
		A42A4DA31F0CD4BA00EA0C58 /* Info.plist */ = {isa = PBXFileReference; lastKnownFileType = text.plist.xml; path = Info.plist; sourceTree = "<group>"; };
		A42A4DB01F0CD4D900EA0C58 /* UIScrollView+response.h */ = {isa = PBXFileReference; fileEncoding = 4; lastKnownFileType = sourcecode.c.h; path = "UIScrollView+response.h"; sourceTree = "<group>"; };
		A42A4DB11F0CD4D900EA0C58 /* UIScrollView+response.m */ = {isa = PBXFileReference; fileEncoding = 4; lastKnownFileType = sourcecode.c.objc; path = "UIScrollView+response.m"; sourceTree = "<group>"; };
		A42A4DB41F0CD50400EA0C58 /* MASCompositeConstraint.h */ = {isa = PBXFileReference; fileEncoding = 4; lastKnownFileType = sourcecode.c.h; path = MASCompositeConstraint.h; sourceTree = "<group>"; };
		A42A4DB51F0CD50400EA0C58 /* MASCompositeConstraint.m */ = {isa = PBXFileReference; fileEncoding = 4; lastKnownFileType = sourcecode.c.objc; path = MASCompositeConstraint.m; sourceTree = "<group>"; };
		A42A4DB61F0CD50400EA0C58 /* MASConstraint+Private.h */ = {isa = PBXFileReference; fileEncoding = 4; lastKnownFileType = sourcecode.c.h; path = "MASConstraint+Private.h"; sourceTree = "<group>"; };
		A42A4DB71F0CD50400EA0C58 /* MASConstraint.h */ = {isa = PBXFileReference; fileEncoding = 4; lastKnownFileType = sourcecode.c.h; path = MASConstraint.h; sourceTree = "<group>"; };
		A42A4DB81F0CD50400EA0C58 /* MASConstraint.m */ = {isa = PBXFileReference; fileEncoding = 4; lastKnownFileType = sourcecode.c.objc; path = MASConstraint.m; sourceTree = "<group>"; };
		A42A4DB91F0CD50400EA0C58 /* MASConstraintMaker.h */ = {isa = PBXFileReference; fileEncoding = 4; lastKnownFileType = sourcecode.c.h; path = MASConstraintMaker.h; sourceTree = "<group>"; };
		A42A4DBA1F0CD50400EA0C58 /* MASConstraintMaker.m */ = {isa = PBXFileReference; fileEncoding = 4; lastKnownFileType = sourcecode.c.objc; path = MASConstraintMaker.m; sourceTree = "<group>"; };
		A42A4DBB1F0CD50400EA0C58 /* MASLayoutConstraint.h */ = {isa = PBXFileReference; fileEncoding = 4; lastKnownFileType = sourcecode.c.h; path = MASLayoutConstraint.h; sourceTree = "<group>"; };
		A42A4DBC1F0CD50400EA0C58 /* MASLayoutConstraint.m */ = {isa = PBXFileReference; fileEncoding = 4; lastKnownFileType = sourcecode.c.objc; path = MASLayoutConstraint.m; sourceTree = "<group>"; };
		A42A4DBD1F0CD50400EA0C58 /* Masonry.h */ = {isa = PBXFileReference; fileEncoding = 4; lastKnownFileType = sourcecode.c.h; path = Masonry.h; sourceTree = "<group>"; };
		A42A4DBE1F0CD50400EA0C58 /* MASUtilities.h */ = {isa = PBXFileReference; fileEncoding = 4; lastKnownFileType = sourcecode.c.h; path = MASUtilities.h; sourceTree = "<group>"; };
		A42A4DBF1F0CD50400EA0C58 /* MASViewAttribute.h */ = {isa = PBXFileReference; fileEncoding = 4; lastKnownFileType = sourcecode.c.h; path = MASViewAttribute.h; sourceTree = "<group>"; };
		A42A4DC01F0CD50400EA0C58 /* MASViewAttribute.m */ = {isa = PBXFileReference; fileEncoding = 4; lastKnownFileType = sourcecode.c.objc; path = MASViewAttribute.m; sourceTree = "<group>"; };
		A42A4DC11F0CD50400EA0C58 /* MASViewConstraint.h */ = {isa = PBXFileReference; fileEncoding = 4; lastKnownFileType = sourcecode.c.h; path = MASViewConstraint.h; sourceTree = "<group>"; };
		A42A4DC21F0CD50400EA0C58 /* MASViewConstraint.m */ = {isa = PBXFileReference; fileEncoding = 4; lastKnownFileType = sourcecode.c.objc; path = MASViewConstraint.m; sourceTree = "<group>"; };
		A42A4DC31F0CD50400EA0C58 /* NSArray+MASAdditions.h */ = {isa = PBXFileReference; fileEncoding = 4; lastKnownFileType = sourcecode.c.h; path = "NSArray+MASAdditions.h"; sourceTree = "<group>"; };
		A42A4DC41F0CD50400EA0C58 /* NSArray+MASAdditions.m */ = {isa = PBXFileReference; fileEncoding = 4; lastKnownFileType = sourcecode.c.objc; path = "NSArray+MASAdditions.m"; sourceTree = "<group>"; };
		A42A4DC51F0CD50400EA0C58 /* NSArray+MASShorthandAdditions.h */ = {isa = PBXFileReference; fileEncoding = 4; lastKnownFileType = sourcecode.c.h; path = "NSArray+MASShorthandAdditions.h"; sourceTree = "<group>"; };
		A42A4DC61F0CD50400EA0C58 /* NSLayoutConstraint+MASDebugAdditions.h */ = {isa = PBXFileReference; fileEncoding = 4; lastKnownFileType = sourcecode.c.h; path = "NSLayoutConstraint+MASDebugAdditions.h"; sourceTree = "<group>"; };
		A42A4DC71F0CD50400EA0C58 /* NSLayoutConstraint+MASDebugAdditions.m */ = {isa = PBXFileReference; fileEncoding = 4; lastKnownFileType = sourcecode.c.objc; path = "NSLayoutConstraint+MASDebugAdditions.m"; sourceTree = "<group>"; };
		A42A4DC81F0CD50400EA0C58 /* View+MASAdditions.h */ = {isa = PBXFileReference; fileEncoding = 4; lastKnownFileType = sourcecode.c.h; path = "View+MASAdditions.h"; sourceTree = "<group>"; };
		A42A4DC91F0CD50400EA0C58 /* View+MASAdditions.m */ = {isa = PBXFileReference; fileEncoding = 4; lastKnownFileType = sourcecode.c.objc; path = "View+MASAdditions.m"; sourceTree = "<group>"; };
		A42A4DCA1F0CD50400EA0C58 /* View+MASShorthandAdditions.h */ = {isa = PBXFileReference; fileEncoding = 4; lastKnownFileType = sourcecode.c.h; path = "View+MASShorthandAdditions.h"; sourceTree = "<group>"; };
		A42A4DCB1F0CD50400EA0C58 /* ViewController+MASAdditions.h */ = {isa = PBXFileReference; fileEncoding = 4; lastKnownFileType = sourcecode.c.h; path = "ViewController+MASAdditions.h"; sourceTree = "<group>"; };
		A42A4DCC1F0CD50400EA0C58 /* ViewController+MASAdditions.m */ = {isa = PBXFileReference; fileEncoding = 4; lastKnownFileType = sourcecode.c.objc; path = "ViewController+MASAdditions.m"; sourceTree = "<group>"; };
		A42A4DCF1F0CD50500EA0C58 /* register_guide_video.mp4 */ = {isa = PBXFileReference; lastKnownFileType = file; path = register_guide_video.mp4; sourceTree = "<group>"; };
/* End PBXFileReference section */

/* Begin PBXFrameworksBuildPhase section */
		A42A4D761F0CD4B900EA0C58 /* Frameworks */ = {
			isa = PBXFrameworksBuildPhase;
			buildActionMask = 2147483647;
			files = (
			);
			runOnlyForDeploymentPostprocessing = 0;
		};
		A42A4D8F1F0CD4BA00EA0C58 /* Frameworks */ = {
			isa = PBXFrameworksBuildPhase;
			buildActionMask = 2147483647;
			files = (
			);
			runOnlyForDeploymentPostprocessing = 0;
		};
		A42A4D9A1F0CD4BA00EA0C58 /* Frameworks */ = {
			isa = PBXFrameworksBuildPhase;
			buildActionMask = 2147483647;
			files = (
			);
			runOnlyForDeploymentPostprocessing = 0;
		};
/* End PBXFrameworksBuildPhase section */

/* Begin PBXGroup section */
		A42A4D701F0CD4B900EA0C58 = {
			isa = PBXGroup;
			children = (
				A42A4D7B1F0CD4B900EA0C58 /* SKLoginDemo */,
				A42A4D951F0CD4BA00EA0C58 /* SKLoginDemoTests */,
				A42A4DA01F0CD4BA00EA0C58 /* SKLoginDemoUITests */,
				A42A4D7A1F0CD4B900EA0C58 /* Products */,
			);
			sourceTree = "<group>";
		};
		A42A4D7A1F0CD4B900EA0C58 /* Products */ = {
			isa = PBXGroup;
			children = (
				A42A4D791F0CD4B900EA0C58 /* SKLoginDemo.app */,
				A42A4D921F0CD4BA00EA0C58 /* SKLoginDemoTests.xctest */,
				A42A4D9D1F0CD4BA00EA0C58 /* SKLoginDemoUITests.xctest */,
			);
			name = Products;
			sourceTree = "<group>";
		};
		A42A4D7B1F0CD4B900EA0C58 /* SKLoginDemo */ = {
			isa = PBXGroup;
			children = (
				A42A4DB31F0CD50400EA0C58 /* Masonry */,
				A42A4DCD1F0CD50400EA0C58 /* Resource */,
				A42A4D7F1F0CD4B900EA0C58 /* AppDelegate.h */,
				A42A4D801F0CD4B900EA0C58 /* AppDelegate.m */,
				A42A4D821F0CD4B900EA0C58 /* ViewController.h */,
				A42A4D831F0CD4B900EA0C58 /* ViewController.m */,
				A42A4DAF1F0CD4D900EA0C58 /* UIScrollView+Response */,
				A42A4D851F0CD4B900EA0C58 /* Main.storyboard */,
				A42A4D881F0CD4B900EA0C58 /* Assets.xcassets */,
				A42A4D8A1F0CD4B900EA0C58 /* LaunchScreen.storyboard */,
				A42A4D8D1F0CD4B900EA0C58 /* Info.plist */,
				A42A4D7C1F0CD4B900EA0C58 /* Supporting Files */,
			);
			path = SKLoginDemo;
			sourceTree = "<group>";
		};
		A42A4D7C1F0CD4B900EA0C58 /* Supporting Files */ = {
			isa = PBXGroup;
			children = (
				A42A4D7D1F0CD4B900EA0C58 /* main.m */,
			);
			name = "Supporting Files";
			sourceTree = "<group>";
		};
		A42A4D951F0CD4BA00EA0C58 /* SKLoginDemoTests */ = {
			isa = PBXGroup;
			children = (
				A42A4D961F0CD4BA00EA0C58 /* SKLoginDemoTests.m */,
				A42A4D981F0CD4BA00EA0C58 /* Info.plist */,
			);
			path = SKLoginDemoTests;
			sourceTree = "<group>";
		};
		A42A4DA01F0CD4BA00EA0C58 /* SKLoginDemoUITests */ = {
			isa = PBXGroup;
			children = (
				A42A4DA11F0CD4BA00EA0C58 /* SKLoginDemoUITests.m */,
				A42A4DA31F0CD4BA00EA0C58 /* Info.plist */,
			);
			path = SKLoginDemoUITests;
			sourceTree = "<group>";
		};
		A42A4DAF1F0CD4D900EA0C58 /* UIScrollView+Response */ = {
			isa = PBXGroup;
			children = (
				A42A4DB01F0CD4D900EA0C58 /* UIScrollView+response.h */,
				A42A4DB11F0CD4D900EA0C58 /* UIScrollView+response.m */,
			);
			path = "UIScrollView+Response";
			sourceTree = "<group>";
		};
		A42A4DB31F0CD50400EA0C58 /* Masonry */ = {
			isa = PBXGroup;
			children = (
				A42A4DB41F0CD50400EA0C58 /* MASCompositeConstraint.h */,
				A42A4DB51F0CD50400EA0C58 /* MASCompositeConstraint.m */,
				A42A4DB61F0CD50400EA0C58 /* MASConstraint+Private.h */,
				A42A4DB71F0CD50400EA0C58 /* MASConstraint.h */,
				A42A4DB81F0CD50400EA0C58 /* MASConstraint.m */,
				A42A4DB91F0CD50400EA0C58 /* MASConstraintMaker.h */,
				A42A4DBA1F0CD50400EA0C58 /* MASConstraintMaker.m */,
				A42A4DBB1F0CD50400EA0C58 /* MASLayoutConstraint.h */,
				A42A4DBC1F0CD50400EA0C58 /* MASLayoutConstraint.m */,
				A42A4DBD1F0CD50400EA0C58 /* Masonry.h */,
				A42A4DBE1F0CD50400EA0C58 /* MASUtilities.h */,
				A42A4DBF1F0CD50400EA0C58 /* MASViewAttribute.h */,
				A42A4DC01F0CD50400EA0C58 /* MASViewAttribute.m */,
				A42A4DC11F0CD50400EA0C58 /* MASViewConstraint.h */,
				A42A4DC21F0CD50400EA0C58 /* MASViewConstraint.m */,
				A42A4DC31F0CD50400EA0C58 /* NSArray+MASAdditions.h */,
				A42A4DC41F0CD50400EA0C58 /* NSArray+MASAdditions.m */,
				A42A4DC51F0CD50400EA0C58 /* NSArray+MASShorthandAdditions.h */,
				A42A4DC61F0CD50400EA0C58 /* NSLayoutConstraint+MASDebugAdditions.h */,
				A42A4DC71F0CD50400EA0C58 /* NSLayoutConstraint+MASDebugAdditions.m */,
				A42A4DC81F0CD50400EA0C58 /* View+MASAdditions.h */,
				A42A4DC91F0CD50400EA0C58 /* View+MASAdditions.m */,
				A42A4DCA1F0CD50400EA0C58 /* View+MASShorthandAdditions.h */,
				A42A4DCB1F0CD50400EA0C58 /* ViewController+MASAdditions.h */,
				A42A4DCC1F0CD50400EA0C58 /* ViewController+MASAdditions.m */,
			);
			path = Masonry;
			sourceTree = "<group>";
		};
		A42A4DCD1F0CD50400EA0C58 /* Resource */ = {
			isa = PBXGroup;
			children = (
				A42A4DCF1F0CD50500EA0C58 /* register_guide_video.mp4 */,
			);
			path = Resource;
			sourceTree = "<group>";
		};
/* End PBXGroup section */

/* Begin PBXNativeTarget section */
		A42A4D781F0CD4B900EA0C58 /* SKLoginDemo */ = {
			isa = PBXNativeTarget;
			buildConfigurationList = A42A4DA61F0CD4BA00EA0C58 /* Build configuration list for PBXNativeTarget "SKLoginDemo" */;
			buildPhases = (
				A42A4D751F0CD4B900EA0C58 /* Sources */,
				A42A4D761F0CD4B900EA0C58 /* Frameworks */,
				A42A4D771F0CD4B900EA0C58 /* Resources */,
			);
			buildRules = (
			);
			dependencies = (
			);
			name = SKLoginDemo;
			productName = SKLoginDemo;
			productReference = A42A4D791F0CD4B900EA0C58 /* SKLoginDemo.app */;
			productType = "com.apple.product-type.application";
		};
		A42A4D911F0CD4BA00EA0C58 /* SKLoginDemoTests */ = {
			isa = PBXNativeTarget;
			buildConfigurationList = A42A4DA91F0CD4BA00EA0C58 /* Build configuration list for PBXNativeTarget "SKLoginDemoTests" */;
			buildPhases = (
				A42A4D8E1F0CD4BA00EA0C58 /* Sources */,
				A42A4D8F1F0CD4BA00EA0C58 /* Frameworks */,
				A42A4D901F0CD4BA00EA0C58 /* Resources */,
			);
			buildRules = (
			);
			dependencies = (
				A42A4D941F0CD4BA00EA0C58 /* PBXTargetDependency */,
			);
			name = SKLoginDemoTests;
			productName = SKLoginDemoTests;
			productReference = A42A4D921F0CD4BA00EA0C58 /* SKLoginDemoTests.xctest */;
			productType = "com.apple.product-type.bundle.unit-test";
		};
		A42A4D9C1F0CD4BA00EA0C58 /* SKLoginDemoUITests */ = {
			isa = PBXNativeTarget;
			buildConfigurationList = A42A4DAC1F0CD4BA00EA0C58 /* Build configuration list for PBXNativeTarget "SKLoginDemoUITests" */;
			buildPhases = (
				A42A4D991F0CD4BA00EA0C58 /* Sources */,
				A42A4D9A1F0CD4BA00EA0C58 /* Frameworks */,
				A42A4D9B1F0CD4BA00EA0C58 /* Resources */,
			);
			buildRules = (
			);
			dependencies = (
				A42A4D9F1F0CD4BA00EA0C58 /* PBXTargetDependency */,
			);
			name = SKLoginDemoUITests;
			productName = SKLoginDemoUITests;
			productReference = A42A4D9D1F0CD4BA00EA0C58 /* SKLoginDemoUITests.xctest */;
			productType = "com.apple.product-type.bundle.ui-testing";
		};
/* End PBXNativeTarget section */

/* Begin PBXProject section */
		A42A4D711F0CD4B900EA0C58 /* Project object */ = {
			isa = PBXProject;
			attributes = {
				LastUpgradeCheck = 0830;
				ORGANIZATIONNAME = AlexanderYeah;
				TargetAttributes = {
					A42A4D781F0CD4B900EA0C58 = {
						CreatedOnToolsVersion = 8.3;
						DevelopmentTeam = 7DC4XMJV5E;
						ProvisioningStyle = Automatic;
					};
					A42A4D911F0CD4BA00EA0C58 = {
						CreatedOnToolsVersion = 8.3;
						DevelopmentTeam = 7DC4XMJV5E;
						ProvisioningStyle = Automatic;
						TestTargetID = A42A4D781F0CD4B900EA0C58;
					};
					A42A4D9C1F0CD4BA00EA0C58 = {
						CreatedOnToolsVersion = 8.3;
						DevelopmentTeam = 7DC4XMJV5E;
						ProvisioningStyle = Automatic;
						TestTargetID = A42A4D781F0CD4B900EA0C58;
					};
				};
			};
			buildConfigurationList = A42A4D741F0CD4B900EA0C58 /* Build configuration list for PBXProject "SKLoginDemo" */;
			compatibilityVersion = "Xcode 3.2";
			developmentRegion = English;
			hasScannedForEncodings = 0;
			knownRegions = (
				en,
				Base,
			);
			mainGroup = A42A4D701F0CD4B900EA0C58;
			productRefGroup = A42A4D7A1F0CD4B900EA0C58 /* Products */;
			projectDirPath = "";
			projectRoot = "";
			targets = (
				A42A4D781F0CD4B900EA0C58 /* SKLoginDemo */,
				A42A4D911F0CD4BA00EA0C58 /* SKLoginDemoTests */,
				A42A4D9C1F0CD4BA00EA0C58 /* SKLoginDemoUITests */,
			);
		};
/* End PBXProject section */

/* Begin PBXResourcesBuildPhase section */
		A42A4D771F0CD4B900EA0C58 /* Resources */ = {
			isa = PBXResourcesBuildPhase;
			buildActionMask = 2147483647;
			files = (
				A42A4D8C1F0CD4B900EA0C58 /* LaunchScreen.storyboard in Resources */,
				A42A4D891F0CD4B900EA0C58 /* Assets.xcassets in Resources */,
				A42A4D871F0CD4B900EA0C58 /* Main.storyboard in Resources */,
				A42A4DDB1F0CD50500EA0C58 /* register_guide_video.mp4 in Resources */,
			);
			runOnlyForDeploymentPostprocessing = 0;
		};
		A42A4D901F0CD4BA00EA0C58 /* Resources */ = {
			isa = PBXResourcesBuildPhase;
			buildActionMask = 2147483647;
			files = (
			);
			runOnlyForDeploymentPostprocessing = 0;
		};
		A42A4D9B1F0CD4BA00EA0C58 /* Resources */ = {
			isa = PBXResourcesBuildPhase;
			buildActionMask = 2147483647;
			files = (
			);
			runOnlyForDeploymentPostprocessing = 0;
		};
/* End PBXResourcesBuildPhase section */

/* Begin PBXSourcesBuildPhase section */
		A42A4D751F0CD4B900EA0C58 /* Sources */ = {
			isa = PBXSourcesBuildPhase;
			buildActionMask = 2147483647;
			files = (
				A42A4DD21F0CD50500EA0C58 /* MASConstraintMaker.m in Sources */,
				A42A4DB21F0CD4D900EA0C58 /* UIScrollView+response.m in Sources */,
				A42A4D841F0CD4B900EA0C58 /* ViewController.m in Sources */,
				A42A4DD11F0CD50500EA0C58 /* MASConstraint.m in Sources */,
				A42A4DD91F0CD50500EA0C58 /* ViewController+MASAdditions.m in Sources */,
				A42A4DD31F0CD50500EA0C58 /* MASLayoutConstraint.m in Sources */,
				A42A4DD61F0CD50500EA0C58 /* NSArray+MASAdditions.m in Sources */,
				A42A4DD51F0CD50500EA0C58 /* MASViewConstraint.m in Sources */,
				A42A4DD41F0CD50500EA0C58 /* MASViewAttribute.m in Sources */,
				A42A4DD81F0CD50500EA0C58 /* View+MASAdditions.m in Sources */,
				A42A4D811F0CD4B900EA0C58 /* AppDelegate.m in Sources */,
				A42A4D7E1F0CD4B900EA0C58 /* main.m in Sources */,
				A42A4DD01F0CD50500EA0C58 /* MASCompositeConstraint.m in Sources */,
				A42A4DD71F0CD50500EA0C58 /* NSLayoutConstraint+MASDebugAdditions.m in Sources */,
			);
			runOnlyForDeploymentPostprocessing = 0;
		};
		A42A4D8E1F0CD4BA00EA0C58 /* Sources */ = {
			isa = PBXSourcesBuildPhase;
			buildActionMask = 2147483647;
			files = (
				A42A4D971F0CD4BA00EA0C58 /* SKLoginDemoTests.m in Sources */,
			);
			runOnlyForDeploymentPostprocessing = 0;
		};
		A42A4D991F0CD4BA00EA0C58 /* Sources */ = {
			isa = PBXSourcesBuildPhase;
			buildActionMask = 2147483647;
			files = (
				A42A4DA21F0CD4BA00EA0C58 /* SKLoginDemoUITests.m in Sources */,
			);
			runOnlyForDeploymentPostprocessing = 0;
		};
/* End PBXSourcesBuildPhase section */

/* Begin PBXTargetDependency section */
		A42A4D941F0CD4BA00EA0C58 /* PBXTargetDependency */ = {
			isa = PBXTargetDependency;
			target = A42A4D781F0CD4B900EA0C58 /* SKLoginDemo */;
			targetProxy = A42A4D931F0CD4BA00EA0C58 /* PBXContainerItemProxy */;
		};
		A42A4D9F1F0CD4BA00EA0C58 /* PBXTargetDependency */ = {
			isa = PBXTargetDependency;
			target = A42A4D781F0CD4B900EA0C58 /* SKLoginDemo */;
			targetProxy = A42A4D9E1F0CD4BA00EA0C58 /* PBXContainerItemProxy */;
		};
/* End PBXTargetDependency section */

/* Begin PBXVariantGroup section */
		A42A4D851F0CD4B900EA0C58 /* Main.storyboard */ = {
			isa = PBXVariantGroup;
			children = (
				A42A4D861F0CD4B900EA0C58 /* Base */,
			);
			name = Main.storyboard;
			sourceTree = "<group>";
		};
		A42A4D8A1F0CD4B900EA0C58 /* LaunchScreen.storyboard */ = {
			isa = PBXVariantGroup;
			children = (
				A42A4D8B1F0CD4B900EA0C58 /* Base */,
			);
			name = LaunchScreen.storyboard;
			sourceTree = "<group>";
		};
/* End PBXVariantGroup section */

/* Begin XCBuildConfiguration section */
		A42A4DA41F0CD4BA00EA0C58 /* Debug */ = {
			isa = XCBuildConfiguration;
			buildSettings = {
				ALWAYS_SEARCH_USER_PATHS = NO;
				CLANG_ANALYZER_NONNULL = YES;
				CLANG_ANALYZER_NUMBER_OBJECT_CONVERSION = YES_AGGRESSIVE;
				CLANG_CXX_LANGUAGE_STANDARD = "gnu++0x";
				CLANG_CXX_LIBRARY = "libc++";
				CLANG_ENABLE_MODULES = YES;
				CLANG_ENABLE_OBJC_ARC = YES;
				CLANG_WARN_BOOL_CONVERSION = YES;
				CLANG_WARN_CONSTANT_CONVERSION = YES;
				CLANG_WARN_DIRECT_OBJC_ISA_USAGE = YES_ERROR;
				CLANG_WARN_DOCUMENTATION_COMMENTS = YES;
				CLANG_WARN_EMPTY_BODY = YES;
				CLANG_WARN_ENUM_CONVERSION = YES;
				CLANG_WARN_INFINITE_RECURSION = YES;
				CLANG_WARN_INT_CONVERSION = YES;
				CLANG_WARN_OBJC_ROOT_CLASS = YES_ERROR;
				CLANG_WARN_SUSPICIOUS_MOVE = YES;
				CLANG_WARN_UNREACHABLE_CODE = YES;
				CLANG_WARN__DUPLICATE_METHOD_MATCH = YES;
				"CODE_SIGN_IDENTITY[sdk=iphoneos*]" = "iPhone Developer";
				COPY_PHASE_STRIP = NO;
				DEBUG_INFORMATION_FORMAT = dwarf;
				ENABLE_STRICT_OBJC_MSGSEND = YES;
				ENABLE_TESTABILITY = YES;
				GCC_C_LANGUAGE_STANDARD = gnu99;
				GCC_DYNAMIC_NO_PIC = NO;
				GCC_NO_COMMON_BLOCKS = YES;
				GCC_OPTIMIZATION_LEVEL = 0;
				GCC_PREPROCESSOR_DEFINITIONS = (
					"DEBUG=1",
					"$(inherited)",
				);
				GCC_WARN_64_TO_32_BIT_CONVERSION = YES;
				GCC_WARN_ABOUT_RETURN_TYPE = YES_ERROR;
				GCC_WARN_UNDECLARED_SELECTOR = YES;
				GCC_WARN_UNINITIALIZED_AUTOS = YES_AGGRESSIVE;
				GCC_WARN_UNUSED_FUNCTION = YES;
				GCC_WARN_UNUSED_VARIABLE = YES;
				IPHONEOS_DEPLOYMENT_TARGET = 10.3;
				MTL_ENABLE_DEBUG_INFO = YES;
				ONLY_ACTIVE_ARCH = YES;
				SDKROOT = iphoneos;
			};
			name = Debug;
		};
		A42A4DA51F0CD4BA00EA0C58 /* Release */ = {
			isa = XCBuildConfiguration;
			buildSettings = {
				ALWAYS_SEARCH_USER_PATHS = NO;
				CLANG_ANALYZER_NONNULL = YES;
				CLANG_ANALYZER_NUMBER_OBJECT_CONVERSION = YES_AGGRESSIVE;
				CLANG_CXX_LANGUAGE_STANDARD = "gnu++0x";
				CLANG_CXX_LIBRARY = "libc++";
				CLANG_ENABLE_MODULES = YES;
				CLANG_ENABLE_OBJC_ARC = YES;
				CLANG_WARN_BOOL_CONVERSION = YES;
				CLANG_WARN_CONSTANT_CONVERSION = YES;
				CLANG_WARN_DIRECT_OBJC_ISA_USAGE = YES_ERROR;
				CLANG_WARN_DOCUMENTATION_COMMENTS = YES;
				CLANG_WARN_EMPTY_BODY = YES;
				CLANG_WARN_ENUM_CONVERSION = YES;
				CLANG_WARN_INFINITE_RECURSION = YES;
				CLANG_WARN_INT_CONVERSION = YES;
				CLANG_WARN_OBJC_ROOT_CLASS = YES_ERROR;
				CLANG_WARN_SUSPICIOUS_MOVE = YES;
				CLANG_WARN_UNREACHABLE_CODE = YES;
				CLANG_WARN__DUPLICATE_METHOD_MATCH = YES;
				"CODE_SIGN_IDENTITY[sdk=iphoneos*]" = "iPhone Developer";
				COPY_PHASE_STRIP = NO;
				DEBUG_INFORMATION_FORMAT = "dwarf-with-dsym";
				ENABLE_NS_ASSERTIONS = NO;
				ENABLE_STRICT_OBJC_MSGSEND = YES;
				GCC_C_LANGUAGE_STANDARD = gnu99;
				GCC_NO_COMMON_BLOCKS = YES;
				GCC_WARN_64_TO_32_BIT_CONVERSION = YES;
				GCC_WARN_ABOUT_RETURN_TYPE = YES_ERROR;
				GCC_WARN_UNDECLARED_SELECTOR = YES;
				GCC_WARN_UNINITIALIZED_AUTOS = YES_AGGRESSIVE;
				GCC_WARN_UNUSED_FUNCTION = YES;
				GCC_WARN_UNUSED_VARIABLE = YES;
				IPHONEOS_DEPLOYMENT_TARGET = 10.3;
				MTL_ENABLE_DEBUG_INFO = NO;
				SDKROOT = iphoneos;
				VALIDATE_PRODUCT = YES;
			};
			name = Release;
		};
		A42A4DA71F0CD4BA00EA0C58 /* Debug */ = {
			isa = XCBuildConfiguration;
			buildSettings = {
				ASSETCATALOG_COMPILER_APPICON_NAME = AppIcon;
				DEVELOPMENT_TEAM = 7DC4XMJV5E;
				INFOPLIST_FILE = SKLoginDemo/Info.plist;
				LD_RUNPATH_SEARCH_PATHS = "$(inherited) @executable_path/Frameworks";
				PRODUCT_BUNDLE_IDENTIFIER = AlexanderYeah.SKLoginDemo;
				PRODUCT_NAME = "$(TARGET_NAME)";
			};
			name = Debug;
		};
		A42A4DA81F0CD4BA00EA0C58 /* Release */ = {
			isa = XCBuildConfiguration;
			buildSettings = {
				ASSETCATALOG_COMPILER_APPICON_NAME = AppIcon;
				DEVELOPMENT_TEAM = 7DC4XMJV5E;
				INFOPLIST_FILE = SKLoginDemo/Info.plist;
				LD_RUNPATH_SEARCH_PATHS = "$(inherited) @executable_path/Frameworks";
				PRODUCT_BUNDLE_IDENTIFIER = AlexanderYeah.SKLoginDemo;
				PRODUCT_NAME = "$(TARGET_NAME)";
			};
			name = Release;
		};
		A42A4DAA1F0CD4BA00EA0C58 /* Debug */ = {
			isa = XCBuildConfiguration;
			buildSettings = {
				BUNDLE_LOADER = "$(TEST_HOST)";
				DEVELOPMENT_TEAM = 7DC4XMJV5E;
				INFOPLIST_FILE = SKLoginDemoTests/Info.plist;
				LD_RUNPATH_SEARCH_PATHS = "$(inherited) @executable_path/Frameworks @loader_path/Frameworks";
				PRODUCT_BUNDLE_IDENTIFIER = AlexanderYeah.SKLoginDemoTests;
				PRODUCT_NAME = "$(TARGET_NAME)";
				TEST_HOST = "$(BUILT_PRODUCTS_DIR)/SKLoginDemo.app/SKLoginDemo";
			};
			name = Debug;
		};
		A42A4DAB1F0CD4BA00EA0C58 /* Release */ = {
			isa = XCBuildConfiguration;
			buildSettings = {
				BUNDLE_LOADER = "$(TEST_HOST)";
				DEVELOPMENT_TEAM = 7DC4XMJV5E;
				INFOPLIST_FILE = SKLoginDemoTests/Info.plist;
				LD_RUNPATH_SEARCH_PATHS = "$(inherited) @executable_path/Frameworks @loader_path/Frameworks";
				PRODUCT_BUNDLE_IDENTIFIER = AlexanderYeah.SKLoginDemoTests;
				PRODUCT_NAME = "$(TARGET_NAME)";
				TEST_HOST = "$(BUILT_PRODUCTS_DIR)/SKLoginDemo.app/SKLoginDemo";
			};
			name = Release;
		};
		A42A4DAD1F0CD4BA00EA0C58 /* Debug */ = {
			isa = XCBuildConfiguration;
			buildSettings = {
				DEVELOPMENT_TEAM = 7DC4XMJV5E;
				INFOPLIST_FILE = SKLoginDemoUITests/Info.plist;
				LD_RUNPATH_SEARCH_PATHS = "$(inherited) @executable_path/Frameworks @loader_path/Frameworks";
				PRODUCT_BUNDLE_IDENTIFIER = AlexanderYeah.SKLoginDemoUITests;
				PRODUCT_NAME = "$(TARGET_NAME)";
				TEST_TARGET_NAME = SKLoginDemo;
			};
			name = Debug;
		};
		A42A4DAE1F0CD4BA00EA0C58 /* Release */ = {
			isa = XCBuildConfiguration;
			buildSettings = {
				DEVELOPMENT_TEAM = 7DC4XMJV5E;
				INFOPLIST_FILE = SKLoginDemoUITests/Info.plist;
				LD_RUNPATH_SEARCH_PATHS = "$(inherited) @executable_path/Frameworks @loader_path/Frameworks";
				PRODUCT_BUNDLE_IDENTIFIER = AlexanderYeah.SKLoginDemoUITests;
				PRODUCT_NAME = "$(TARGET_NAME)";
				TEST_TARGET_NAME = SKLoginDemo;
			};
			name = Release;
		};
/* End XCBuildConfiguration section */

/* Begin XCConfigurationList section */
		A42A4D741F0CD4B900EA0C58 /* Build configuration list for PBXProject "SKLoginDemo" */ = {
			isa = XCConfigurationList;
			buildConfigurations = (
				A42A4DA41F0CD4BA00EA0C58 /* Debug */,
				A42A4DA51F0CD4BA00EA0C58 /* Release */,
			);
			defaultConfigurationIsVisible = 0;
			defaultConfigurationName = Release;
		};
		A42A4DA61F0CD4BA00EA0C58 /* Build configuration list for PBXNativeTarget "SKLoginDemo" */ = {
			isa = XCConfigurationList;
			buildConfigurations = (
				A42A4DA71F0CD4BA00EA0C58 /* Debug */,
				A42A4DA81F0CD4BA00EA0C58 /* Release */,
			);
			defaultConfigurationIsVisible = 0;
		};
		A42A4DA91F0CD4BA00EA0C58 /* Build configuration list for PBXNativeTarget "SKLoginDemoTests" */ = {
			isa = XCConfigurationList;
			buildConfigurations = (
				A42A4DAA1F0CD4BA00EA0C58 /* Debug */,
				A42A4DAB1F0CD4BA00EA0C58 /* Release */,
			);
			defaultConfigurationIsVisible = 0;
		};
		A42A4DAC1F0CD4BA00EA0C58 /* Build configuration list for PBXNativeTarget "SKLoginDemoUITests" */ = {
			isa = XCConfigurationList;
			buildConfigurations = (
				A42A4DAD1F0CD4BA00EA0C58 /* Debug */,
				A42A4DAE1F0CD4BA00EA0C58 /* Release */,
			);
			defaultConfigurationIsVisible = 0;
		};
/* End XCConfigurationList section */
	};
	rootObject = A42A4D711F0CD4B900EA0C58 /* Project object */;
}
